
Microsoft Visual Studio Solution File, Format Version 12.00
# Visual Studio Version 16
VisualStudioVersion = 16.0.31005.135
MinimumVisualStudioVersion = 10.0.40219.1
Project("{FAE04EC0-301F-11D3-BF4B-00C04F79EFBC}") = "Socialnetwork2", "Socialnetwork2\Socialnetwork2.csproj", "{67CB2B3C-CED4-4F4D-A398-AD3C0B22642F}"
EndProject
Global
	GlobalSection(SolutionConfigurationPlatforms) = preSolution
		Debug|Any CPU = Debug|Any CPU
		Release|Any CPU = Release|Any CPU
	EndGlobalSection
	GlobalSection(ProjectConfigurationPlatforms) = postSolution
		{67CB2B3C-CED4-4F4D-A398-AD3C0B22642F}.Debug|Any CPU.ActiveCfg = Debug|Any CPU
		{67CB2B3C-CED4-4F4D-A398-AD3C0B22642F}.Debug|Any CPU.Build.0 = Debug|Any CPU
		{67CB2B3C-CED4-4F4D-A398-AD3C0B22642F}.Release|Any CPU.ActiveCfg = Release|Any CPU
		{67CB2B3C-CED4-4F4D-A398-AD3C0B22642F}.Release|Any CPU.Build.0 = Release|Any CPU
	EndGlobalSection
	GlobalSection(SolutionProperties) = preSolution
		HideSolutionNode = FALSE
	EndGlobalSection
	GlobalSection(ExtensibilityGlobals) = postSolution
		SolutionGuid = {C2B9C41F-BEF9-4FA0-9A81-6E3A88100E9C}
	EndGlobalSection
EndGlobal
